
Microsoft Visual Studio Solution File, Format Version 12.00
# Visual Studio Version 17
VisualStudioVersion = 17.5.33516.290
MinimumVisualStudioVersion = 10.0.40219.1
Project("{FAE04EC0-301F-11D3-BF4B-00C04F79EFBC}") = "300323_NBUY", "300323_NBUY\300323_NBUY.csproj", "{55CF3599-63BC-449F-BEA5-0A4C405F2C2F}"
EndProject
Global
	GlobalSection(SolutionConfigurationPlatforms) = preSolution
		Debug|Any CPU = Debug|Any CPU
		Release|Any CPU = Release|Any CPU
	EndGlobalSection
	GlobalSection(ProjectConfigurationPlatforms) = postSolution
		{55CF3599-63BC-449F-BEA5-0A4C405F2C2F}.Debug|Any CPU.ActiveCfg = Debug|Any CPU
		{55CF3599-63BC-449F-BEA5-0A4C405F2C2F}.Debug|Any CPU.Build.0 = Debug|Any CPU
		{55CF3599-63BC-449F-BEA5-0A4C405F2C2F}.Release|Any CPU.ActiveCfg = Release|Any CPU
		{55CF3599-63BC-449F-BEA5-0A4C405F2C2F}.Release|Any CPU.Build.0 = Release|Any CPU
	EndGlobalSection
	GlobalSection(SolutionProperties) = preSolution
		HideSolutionNode = FALSE
	EndGlobalSection
	GlobalSection(ExtensibilityGlobals) = postSolution
		SolutionGuid = {0B7A5932-F243-480A-ACD9-CCECF71F6AED}
	EndGlobalSection
EndGlobal
